Microsoft Visual Studio Solution File, Format Version 12.00
# Visual Studio 14
VisualStudioVersion = 14.0.25420.1
MinimumVisualStudioVersion = 10.0.40219.1
Project("{FAE04EC0-301F-11D3-BF4B-00C04F79EFBC}") = "Documenter", "Documenter\Documenter.csproj", "{D017B3FF-A6E8-4681-AED2-7E251E5FEB9D}"
EndProject
Project("{FAE04EC0-301F-11D3-BF4B-00C04F79EFBC}") = "AzureStorage", "AzureStorage\AzureStorage.csproj", "{126081CF-06DF-43C3-81F9-63EFECF7C390}"
EndProject
Project("{2150E333-8FDC-42A3-9474-1A3956D46DE8}") = ".nuget", ".nuget", "{B66EB9C6-BE50-4C82-8EB2-DB223B2BDE25}"
	ProjectSection(SolutionItems) = preProject
		.nuget\NuGet.Config = .nuget\NuGet.Config
		.nuget\NuGet.exe = .nuget\NuGet.exe
		.nuget\NuGet.targets = .nuget\NuGet.targets
	EndProjectSection
EndProject
Project("{FAE04EC0-301F-11D3-BF4B-00C04F79EFBC}") = "SearchIndexer", "..\TPDoc\SearchIndexer\SearchIndexer.csproj", "{E3CE4094-2851-4CD9-8270-EDDBC50A17B8}"
EndProject
Project("{FAE04EC0-301F-11D3-BF4B-00C04F79EFBC}") = "SearchIndexer.v2", "SearchIndexer.v2\SearchIndexer.v2.csproj", "{463DBA0F-6EF5-4246-9707-E86FA0B2DC38}"
EndProject
Project("{FAE04EC0-301F-11D3-BF4B-00C04F79EFBC}") = "Wiki.Models", "..\TPDoc\Wiki.Models\Wiki.Models.csproj", "{319EEC35-DC96-45D3-B6A0-B46D9199C951}"
EndProject
Project("{FAE04EC0-301F-11D3-BF4B-00C04F79EFBC}") = "Tfs.Integration", "Tfs.Integration\Tfs.Integration.csproj", "{87F50CFB-D148-41C5-9AB5-75822BF6F1CA}"
EndProject
Project("{FAE04EC0-301F-11D3-BF4B-00C04F79EFBC}") = "Wiki.Utilities", "..\TPDoc\Wiki.Utilities\Wiki.Utilities.csproj", "{CDC775F8-E557-4D2E-9565-0A5F560546CA}"
EndProject
Project("{FAE04EC0-301F-11D3-BF4B-00C04F79EFBC}") = "Wiki.Search.Indexer.WebJob", "Wiki.Search.Indexer.WebJob\Wiki.Search.Indexer.WebJob.csproj", "{F1125A13-144F-4728-B0D8-1CFECF84AF95}"
EndProject
Global
	GlobalSection(SolutionConfigurationPlatforms) = preSolution
		Debug|Any CPU = Debug|Any CPU
		Debug|x64 = Debug|x64
		Debug|x86 = Debug|x86
		Release|Any CPU = Release|Any CPU
		Release|x64 = Release|x64
		Release|x86 = Release|x86
	EndGlobalSection
	GlobalSection(ProjectConfigurationPlatforms) = postSolution
		{D017B3FF-A6E8-4681-AED2-7E251E5FEB9D}.Debug|Any CPU.ActiveCfg = Debug|Any CPU
		{D017B3FF-A6E8-4681-AED2-7E251E5FEB9D}.Debug|Any CPU.Build.0 = Debug|Any CPU
		{D017B3FF-A6E8-4681-AED2-7E251E5FEB9D}.Debug|x64.ActiveCfg = Debug|x64
		{D017B3FF-A6E8-4681-AED2-7E251E5FEB9D}.Debug|x64.Build.0 = Debug|x64
		{D017B3FF-A6E8-4681-AED2-7E251E5FEB9D}.Debug|x86.ActiveCfg = Debug|x86
		{D017B3FF-A6E8-4681-AED2-7E251E5FEB9D}.Debug|x86.Build.0 = Debug|x86
		{D017B3FF-A6E8-4681-AED2-7E251E5FEB9D}.Release|Any CPU.ActiveCfg = Release|Any CPU
		{D017B3FF-A6E8-4681-AED2-7E251E5FEB9D}.Release|Any CPU.Build.0 = Release|Any CPU
		{D017B3FF-A6E8-4681-AED2-7E251E5FEB9D}.Release|x64.ActiveCfg = Release|x64
		{D017B3FF-A6E8-4681-AED2-7E251E5FEB9D}.Release|x64.Build.0 = Release|x64
		{D017B3FF-A6E8-4681-AED2-7E251E5FEB9D}.Release|x86.ActiveCfg = Release|x86
		{D017B3FF-A6E8-4681-AED2-7E251E5FEB9D}.Release|x86.Build.0 = Release|x86
		{126081CF-06DF-43C3-81F9-63EFECF7C390}.Debug|Any CPU.ActiveCfg = Debug|Any CPU
		{126081CF-06DF-43C3-81F9-63EFECF7C390}.Debug|Any CPU.Build.0 = Debug|Any CPU
		{126081CF-06DF-43C3-81F9-63EFECF7C390}.Debug|x64.ActiveCfg = Debug|x64
		{126081CF-06DF-43C3-81F9-63EFECF7C390}.Debug|x64.Build.0 = Debug|x64
		{126081CF-06DF-43C3-81F9-63EFECF7C390}.Debug|x86.ActiveCfg = Debug|x86
		{126081CF-06DF-43C3-81F9-63EFECF7C390}.Debug|x86.Build.0 = Debug|x86
		{126081CF-06DF-43C3-81F9-63EFECF7C390}.Release|Any CPU.ActiveCfg = Release|Any CPU
		{126081CF-06DF-43C3-81F9-63EFECF7C390}.Release|Any CPU.Build.0 = Release|Any CPU
		{126081CF-06DF-43C3-81F9-63EFECF7C390}.Release|x64.ActiveCfg = Release|x64
		{126081CF-06DF-43C3-81F9-63EFECF7C390}.Release|x64.Build.0 = Release|x64
		{126081CF-06DF-43C3-81F9-63EFECF7C390}.Release|x86.ActiveCfg = Release|x86
		{126081CF-06DF-43C3-81F9-63EFECF7C390}.Release|x86.Build.0 = Release|x86
		{E3CE4094-2851-4CD9-8270-EDDBC50A17B8}.Debug|Any CPU.ActiveCfg = Debug|Any CPU
		{E3CE4094-2851-4CD9-8270-EDDBC50A17B8}.Debug|Any CPU.Build.0 = Debug|Any CPU
		{E3CE4094-2851-4CD9-8270-EDDBC50A17B8}.Debug|x64.ActiveCfg = Debug|x64
		{E3CE4094-2851-4CD9-8270-EDDBC50A17B8}.Debug|x64.Build.0 = Debug|x64
		{E3CE4094-2851-4CD9-8270-EDDBC50A17B8}.Debug|x86.ActiveCfg = Debug|x86
		{E3CE4094-2851-4CD9-8270-EDDBC50A17B8}.Debug|x86.Build.0 = Debug|x86
		{E3CE4094-2851-4CD9-8270-EDDBC50A17B8}.Release|Any CPU.ActiveCfg = Release|Any CPU
		{E3CE4094-2851-4CD9-8270-EDDBC50A17B8}.Release|Any CPU.Build.0 = Release|Any CPU
		{E3CE4094-2851-4CD9-8270-EDDBC50A17B8}.Release|x64.ActiveCfg = Release|x64
		{E3CE4094-2851-4CD9-8270-EDDBC50A17B8}.Release|x64.Build.0 = Release|x64
		{E3CE4094-2851-4CD9-8270-EDDBC50A17B8}.Release|x86.ActiveCfg = Release|x86
		{E3CE4094-2851-4CD9-8270-EDDBC50A17B8}.Release|x86.Build.0 = Release|x86
		{463DBA0F-6EF5-4246-9707-E86FA0B2DC38}.Debug|Any CPU.ActiveCfg = Debug|Any CPU
		{463DBA0F-6EF5-4246-9707-E86FA0B2DC38}.Debug|Any CPU.Build.0 = Debug|Any CPU
		{463DBA0F-6EF5-4246-9707-E86FA0B2DC38}.Debug|x64.ActiveCfg = Debug|x64
		{463DBA0F-6EF5-4246-9707-E86FA0B2DC38}.Debug|x64.Build.0 = Debug|x64
		{463DBA0F-6EF5-4246-9707-E86FA0B2DC38}.Debug|x86.ActiveCfg = Debug|x86
		{463DBA0F-6EF5-4246-9707-E86FA0B2DC38}.Debug|x86.Build.0 = Debug|x86
		{463DBA0F-6EF5-4246-9707-E86FA0B2DC38}.Release|Any CPU.ActiveCfg = Release|Any CPU
		{463DBA0F-6EF5-4246-9707-E86FA0B2DC38}.Release|Any CPU.Build.0 = Release|Any CPU
		{463DBA0F-6EF5-4246-9707-E86FA0B2DC38}.Release|x64.ActiveCfg = Release|x64
		{463DBA0F-6EF5-4246-9707-E86FA0B2DC38}.Release|x64.Build.0 = Release|x64
		{463DBA0F-6EF5-4246-9707-E86FA0B2DC38}.Release|x86.ActiveCfg = Release|x86
		{463DBA0F-6EF5-4246-9707-E86FA0B2DC38}.Release|x86.Build.0 = Release|x86
		{319EEC35-DC96-45D3-B6A0-B46D9199C951}.Debug|Any CPU.ActiveCfg = Debug|Any CPU
		{319EEC35-DC96-45D3-B6A0-B46D9199C951}.Debug|Any CPU.Build.0 = Debug|Any CPU
		{319EEC35-DC96-45D3-B6A0-B46D9199C951}.Debug|x64.ActiveCfg = Debug|Any CPU
		{319EEC35-DC96-45D3-B6A0-B46D9199C951}.Debug|x64.Build.0 = Debug|Any CPU
		{319EEC35-DC96-45D3-B6A0-B46D9199C951}.Debug|x86.ActiveCfg = Debug|Any CPU
		{319EEC35-DC96-45D3-B6A0-B46D9199C951}.Debug|x86.Build.0 = Debug|Any CPU
		{319EEC35-DC96-45D3-B6A0-B46D9199C951}.Release|Any CPU.ActiveCfg = Release|Any CPU
		{319EEC35-DC96-45D3-B6A0-B46D9199C951}.Release|Any CPU.Build.0 = Release|Any CPU
		{319EEC35-DC96-45D3-B6A0-B46D9199C951}.Release|x64.ActiveCfg = Release|Any CPU
		{319EEC35-DC96-45D3-B6A0-B46D9199C951}.Release|x64.Build.0 = Release|Any CPU
		{319EEC35-DC96-45D3-B6A0-B46D9199C951}.Release|x86.ActiveCfg = Release|Any CPU
		{319EEC35-DC96-45D3-B6A0-B46D9199C951}.Release|x86.Build.0 = Release|Any CPU
		{87F50CFB-D148-41C5-9AB5-75822BF6F1CA}.Debug|Any CPU.ActiveCfg = Debug|Any CPU
		{87F50CFB-D148-41C5-9AB5-75822BF6F1CA}.Debug|Any CPU.Build.0 = Debug|Any CPU
		{87F50CFB-D148-41C5-9AB5-75822BF6F1CA}.Debug|x64.ActiveCfg = Debug|Any CPU
		{87F50CFB-D148-41C5-9AB5-75822BF6F1CA}.Debug|x64.Build.0 = Debug|Any CPU
		{87F50CFB-D148-41C5-9AB5-75822BF6F1CA}.Debug|x86.ActiveCfg = Debug|Any CPU
		{87F50CFB-D148-41C5-9AB5-75822BF6F1CA}.Debug|x86.Build.0 = Debug|Any CPU
		{87F50CFB-D148-41C5-9AB5-75822BF6F1CA}.Release|Any CPU.ActiveCfg = Release|Any CPU
		{87F50CFB-D148-41C5-9AB5-75822BF6F1CA}.Release|Any CPU.Build.0 = Release|Any CPU
		{87F50CFB-D148-41C5-9AB5-75822BF6F1CA}.Release|x64.ActiveCfg = Release|Any CPU
		{87F50CFB-D148-41C5-9AB5-75822BF6F1CA}.Release|x64.Build.0 = Release|Any CPU
		{87F50CFB-D148-41C5-9AB5-75822BF6F1CA}.Release|x86.ActiveCfg = Release|Any CPU
		{87F50CFB-D148-41C5-9AB5-75822BF6F1CA}.Release|x86.Build.0 = Release|Any CPU
		{CDC775F8-E557-4D2E-9565-0A5F560546CA}.Debug|Any CPU.ActiveCfg = Debug|Any CPU
		{CDC775F8-E557-4D2E-9565-0A5F560546CA}.Debug|Any CPU.Build.0 = Debug|Any CPU
		{CDC775F8-E557-4D2E-9565-0A5F560546CA}.Debug|x64.ActiveCfg = Debug|Any CPU
		{CDC775F8-E557-4D2E-9565-0A5F560546CA}.Debug|x64.Build.0 = Debug|Any CPU
		{CDC775F8-E557-4D2E-9565-0A5F560546CA}.Debug|x86.ActiveCfg = Debug|Any CPU
		{CDC775F8-E557-4D2E-9565-0A5F560546CA}.Debug|x86.Build.0 = Debug|Any CPU
		{CDC775F8-E557-4D2E-9565-0A5F560546CA}.Release|Any CPU.ActiveCfg = Release|Any CPU
		{CDC775F8-E557-4D2E-9565-0A5F560546CA}.Release|Any CPU.Build.0 = Release|Any CPU
		{CDC775F8-E557-4D2E-9565-0A5F560546CA}.Release|x64.ActiveCfg = Release|Any CPU
		{CDC775F8-E557-4D2E-9565-0A5F560546CA}.Release|x64.Build.0 = Release|Any CPU
		{CDC775F8-E557-4D2E-9565-0A5F560546CA}.Release|x86.ActiveCfg = Release|Any CPU
		{CDC775F8-E557-4D2E-9565-0A5F560546CA}.Release|x86.Build.0 = Release|Any CPU
		{F1125A13-144F-4728-B0D8-1CFECF84AF95}.Debug|Any CPU.ActiveCfg = Debug|Any CPU
		{F1125A13-144F-4728-B0D8-1CFECF84AF95}.Debug|Any CPU.Build.0 = Debug|Any CPU
		{F1125A13-144F-4728-B0D8-1CFECF84AF95}.Debug|x64.ActiveCfg = Debug|Any CPU
		{F1125A13-144F-4728-B0D8-1CFECF84AF95}.Debug|x64.Build.0 = Debug|Any CPU
		{F1125A13-144F-4728-B0D8-1CFECF84AF95}.Debug|x86.ActiveCfg = Debug|Any CPU
		{F1125A13-144F-4728-B0D8-1CFECF84AF95}.Debug|x86.Build.0 = Debug|Any CPU
		{F1125A13-144F-4728-B0D8-1CFECF84AF95}.Release|Any CPU.ActiveCfg = Release|Any CPU
		{F1125A13-144F-4728-B0D8-1CFECF84AF95}.Release|Any CPU.Build.0 = Release|Any CPU
		{F1125A13-144F-4728-B0D8-1CFECF84AF95}.Release|x64.ActiveCfg = Release|Any CPU
		{F1125A13-144F-4728-B0D8-1CFECF84AF95}.Release|x64.Build.0 = Release|Any CPU
		{F1125A13-144F-4728-B0D8-1CFECF84AF95}.Release|x86.ActiveCfg = Release|Any CPU
		{F1125A13-144F-4728-B0D8-1CFECF84AF95}.Release|x86.Build.0 = Release|Any CPU
	EndGlobalSection
	GlobalSection(SolutionProperties) = preSolution
		HideSolutionNode = FALSE
	EndGlobalSection
	GlobalSection(TeamFoundationVersionControl) = preSolution
		SccNumberOfProjects = 9
		SccEnterpriseProvider = {4CA58AB2-18FA-4F8D-95D4-32DDF27D184C}
		SccTeamFoundationServer = https://communicatenorge.visualstudio.com/
		SccLocalPath0 = .
		SccProjectUniqueName1 = AzureStorage\\AzureStorage.csproj
		SccProjectName1 = AzureStorage
		SccLocalPath1 = AzureStorage
		SccProjectUniqueName2 = Documenter\\Documenter.csproj
		SccProjectName2 = Documenter
		SccLocalPath2 = Documenter
		SccProjectUniqueName3 = SearchIndexer.v2\\SearchIndexer.v2.csproj
		SccProjectName3 = SearchIndexer.v2
		SccLocalPath3 = SearchIndexer.v2
		SccProjectUniqueName4 = ..\\TPDoc\\SearchIndexer\\SearchIndexer.csproj
		SccProjectName4 = ../TPDoc/SearchIndexer
		SccLocalPath4 = ..\\TPDoc\\SearchIndexer
		SccProjectUniqueName5 = ..\\TPDoc\\Wiki.Models\\Wiki.Models.csproj
		SccProjectName5 = ../TPDoc/Wiki.Models
		SccLocalPath5 = ..\\TPDoc\\Wiki.Models
		SccProjectUniqueName6 = Tfs.Integration\\Tfs.Integration.csproj
		SccProjectName6 = Tfs.Integration
		SccLocalPath6 = Tfs.Integration
		SccProjectUniqueName7 = ..\\TPDoc\\Wiki.Utilities\\Wiki.Utilities.csproj
		SccProjectName7 = ../TPDoc/Wiki.Utilities
		SccLocalPath7 = ..\\TPDoc\\Wiki.Utilities
		SccProjectUniqueName8 = Wiki.Search.Indexer.WebJob\\Wiki.Search.Indexer.WebJob.csproj
		SccProjectName8 = Wiki.Search.Indexer.WebJob
		SccLocalPath8 = Wiki.Search.Indexer.WebJob
	EndGlobalSection
EndGlobal
