Microsoft Visual Studio Solution File, Format Version 12.00
# Visual Studio 14
VisualStudioVersion = 14.0.25123.0
MinimumVisualStudioVersion = 10.0.40219.1
Project("{FAE04EC0-301F-11D3-BF4B-00C04F79EFBC}") = "TPDocWeb", "TPDocWeb\TPDocWeb.csproj", "{B27AEECA-DFB0-4E55-9796-3FA8B71051FD}"
EndProject
Project("{2150E333-8FDC-42A3-9474-1A3956D46DE8}") = ".nuget", ".nuget", "{0F315601-9A74-45F2-BCB2-AAB5C1983284}"
	ProjectSection(SolutionItems) = preProject
		.nuget\NuGet.Config = .nuget\NuGet.Config
		.nuget\NuGet.exe = .nuget\NuGet.exe
		.nuget\NuGet.targets = .nuget\NuGet.targets
	EndProjectSection
EndProject
Project("{FAE04EC0-301F-11D3-BF4B-00C04F79EFBC}") = "AzureStorage", "..\Documenter\AzureStorage\AzureStorage.csproj", "{126081CF-06DF-43C3-81F9-63EFECF7C390}"
EndProject
Project("{FAE04EC0-301F-11D3-BF4B-00C04F79EFBC}") = "SearchIndexer", "SearchIndexer\SearchIndexer.csproj", "{E3CE4094-2851-4CD9-8270-EDDBC50A17B8}"
EndProject
Project("{FAE04EC0-301F-11D3-BF4B-00C04F79EFBC}") = "Wiki.Models", "Wiki.Models\Wiki.Models.csproj", "{319EEC35-DC96-45D3-B6A0-B46D9199C951}"
EndProject
Project("{FAE04EC0-301F-11D3-BF4B-00C04F79EFBC}") = "Wiki.Utilities", "Wiki.Utilities\Wiki.Utilities.csproj", "{CDC775F8-E557-4D2E-9565-0A5F560546CA}"
EndProject
Project("{FAE04EC0-301F-11D3-BF4B-00C04F79EFBC}") = "Wiki.Maintenance", "Wiki.Maintenance\Wiki.Maintenance.csproj", "{2C374151-446B-48DF-9611-B4C9EB34828F}"
EndProject
Project("{FAE04EC0-301F-11D3-BF4B-00C04F79EFBC}") = "Wiki.DAL", "Wiki.DAL\Wiki.DAL.csproj", "{DC372D7F-E771-401E-BFCC-C5978EDF60D5}"
EndProject
Global
	GlobalSection(SolutionConfigurationPlatforms) = preSolution
		Debug|Any CPU = Debug|Any CPU
		Release|Any CPU = Release|Any CPU
	EndGlobalSection
	GlobalSection(ProjectConfigurationPlatforms) = postSolution
		{B27AEECA-DFB0-4E55-9796-3FA8B71051FD}.Debug|Any CPU.ActiveCfg = Debug|Any CPU
		{B27AEECA-DFB0-4E55-9796-3FA8B71051FD}.Debug|Any CPU.Build.0 = Debug|Any CPU
		{B27AEECA-DFB0-4E55-9796-3FA8B71051FD}.Release|Any CPU.ActiveCfg = Release|Any CPU
		{B27AEECA-DFB0-4E55-9796-3FA8B71051FD}.Release|Any CPU.Build.0 = Release|Any CPU
		{126081CF-06DF-43C3-81F9-63EFECF7C390}.Debug|Any CPU.ActiveCfg = Debug|Any CPU
		{126081CF-06DF-43C3-81F9-63EFECF7C390}.Debug|Any CPU.Build.0 = Debug|Any CPU
		{126081CF-06DF-43C3-81F9-63EFECF7C390}.Release|Any CPU.ActiveCfg = Release|Any CPU
		{126081CF-06DF-43C3-81F9-63EFECF7C390}.Release|Any CPU.Build.0 = Release|Any CPU
		{E3CE4094-2851-4CD9-8270-EDDBC50A17B8}.Debug|Any CPU.ActiveCfg = Debug|Any CPU
		{E3CE4094-2851-4CD9-8270-EDDBC50A17B8}.Debug|Any CPU.Build.0 = Debug|Any CPU
		{E3CE4094-2851-4CD9-8270-EDDBC50A17B8}.Release|Any CPU.ActiveCfg = Release|Any CPU
		{E3CE4094-2851-4CD9-8270-EDDBC50A17B8}.Release|Any CPU.Build.0 = Release|Any CPU
		{319EEC35-DC96-45D3-B6A0-B46D9199C951}.Debug|Any CPU.ActiveCfg = Debug|Any CPU
		{319EEC35-DC96-45D3-B6A0-B46D9199C951}.Debug|Any CPU.Build.0 = Debug|Any CPU
		{319EEC35-DC96-45D3-B6A0-B46D9199C951}.Release|Any CPU.ActiveCfg = Release|Any CPU
		{319EEC35-DC96-45D3-B6A0-B46D9199C951}.Release|Any CPU.Build.0 = Release|Any CPU
		{CDC775F8-E557-4D2E-9565-0A5F560546CA}.Debug|Any CPU.ActiveCfg = Debug|Any CPU
		{CDC775F8-E557-4D2E-9565-0A5F560546CA}.Debug|Any CPU.Build.0 = Debug|Any CPU
		{CDC775F8-E557-4D2E-9565-0A5F560546CA}.Release|Any CPU.ActiveCfg = Release|Any CPU
		{CDC775F8-E557-4D2E-9565-0A5F560546CA}.Release|Any CPU.Build.0 = Release|Any CPU
		{2C374151-446B-48DF-9611-B4C9EB34828F}.Debug|Any CPU.ActiveCfg = Debug|Any CPU
		{2C374151-446B-48DF-9611-B4C9EB34828F}.Debug|Any CPU.Build.0 = Debug|Any CPU
		{2C374151-446B-48DF-9611-B4C9EB34828F}.Release|Any CPU.ActiveCfg = Release|Any CPU
		{2C374151-446B-48DF-9611-B4C9EB34828F}.Release|Any CPU.Build.0 = Release|Any CPU
		{DC372D7F-E771-401E-BFCC-C5978EDF60D5}.Debug|Any CPU.ActiveCfg = Debug|Any CPU
		{DC372D7F-E771-401E-BFCC-C5978EDF60D5}.Debug|Any CPU.Build.0 = Debug|Any CPU
		{DC372D7F-E771-401E-BFCC-C5978EDF60D5}.Release|Any CPU.ActiveCfg = Release|Any CPU
		{DC372D7F-E771-401E-BFCC-C5978EDF60D5}.Release|Any CPU.Build.0 = Release|Any CPU
	EndGlobalSection
	GlobalSection(SolutionProperties) = preSolution
		HideSolutionNode = FALSE
	EndGlobalSection
	GlobalSection(ExtensibilityGlobals) = postSolution
		EnterpriseLibraryConfigurationToolBinariesPathV6 = .nuget\..\..\packages\EnterpriseLibrary.TransientFaultHandling.6.0.1304.0\lib\portable-net45+win+wp8;.nuget\..\..\packages\EnterpriseLibrary.TransientFaultHandling.Data.6.0.1304.1\lib\NET45
	EndGlobalSection
	GlobalSection(TeamFoundationVersionControl) = preSolution
		SccNumberOfProjects = 8
		SccEnterpriseProvider = {4CA58AB2-18FA-4F8D-95D4-32DDF27D184C}
		SccTeamFoundationServer = https://communicatenorge.visualstudio.com/
		SccLocalPath0 = .
		SccProjectUniqueName1 = ..\\Documenter\\AzureStorage\\AzureStorage.csproj
		SccProjectName1 = ../Documenter/AzureStorage
		SccLocalPath1 = ..\\Documenter\\AzureStorage
		SccProjectUniqueName2 = SearchIndexer\\SearchIndexer.csproj
		SccProjectName2 = SearchIndexer
		SccLocalPath2 = SearchIndexer
		SccProjectUniqueName3 = TPDocWeb\\TPDocWeb.csproj
		SccProjectName3 = TPDocWeb
		SccLocalPath3 = TPDocWeb
		SccProjectUniqueName4 = Wiki.Models\\Wiki.Models.csproj
		SccProjectName4 = Wiki.Models
		SccLocalPath4 = Wiki.Models
		SccProjectUniqueName5 = Wiki.Utilities\\Wiki.Utilities.csproj
		SccProjectName5 = Wiki.Utilities
		SccLocalPath5 = Wiki.Utilities
		SccProjectUniqueName6 = Wiki.Maintenance\\Wiki.Maintenance.csproj
		SccProjectName6 = Wiki.Maintenance
		SccLocalPath6 = Wiki.Maintenance
		SccProjectUniqueName7 = Wiki.DAL\\Wiki.DAL.csproj
		SccProjectName7 = Wiki.DAL
		SccLocalPath7 = Wiki.DAL
	EndGlobalSection
EndGlobal
